// !$*UTF8*$!
{
	archiveVersion = 1;
	classes = {
	};
	objectVersion = 46;
	objects = {

/* Begin PBXBuildFile section */
		738052C11AC103D80001EA6E /* main.m in Sources */ = {isa = PBXBuildFile; fileRef = 738052C01AC103D80001EA6E /* main.m */; };
		738052C41AC103D80001EA6E /* AppDelegate.m in Sources */ = {isa = PBXBuildFile; fileRef = 738052C31AC103D80001EA6E /* AppDelegate.m */; };
		738052C71AC103D80001EA6E /* ViewController.m in Sources */ = {isa = PBXBuildFile; fileRef = 738052C61AC103D80001EA6E /* ViewController.m */; };
		738052CA1AC103D80001EA6E /* Main.storyboard in Resources */ = {isa = PBXBuildFile; fileRef = 738052C81AC103D80001EA6E /* Main.storyboard */; };
		738052CC1AC103D80001EA6E /* Images.xcassets in Resources */ = {isa = PBXBuildFile; fileRef = 738052CB1AC103D80001EA6E /* Images.xcassets */; };
		738052CF1AC103D80001EA6E /* LaunchScreen.xib in Resources */ = {isa = PBXBuildFile; fileRef = 738052CD1AC103D80001EA6E /* LaunchScreen.xib */; };
		738052DB1AC103D80001EA6E /* SnowTests.m in Sources */ = {isa = PBXBuildFile; fileRef = 738052DA1AC103D80001EA6E /* SnowTests.m */; };
/* End PBXBuildFile section */

/* Begin PBXContainerItemProxy section */
		738052D51AC103D80001EA6E /* PBXContainerItemProxy */ = {
			isa = PBXContainerItemProxy;
			containerPortal = 738052B31AC103D70001EA6E /* Project object */;
			proxyType = 1;
			remoteGlobalIDString = 738052BA1AC103D70001EA6E;
			remoteInfo = Snow;
		};
/* End PBXContainerItemProxy section */

/* Begin PBXFileReference section */
		738052BB1AC103D80001EA6E /* Snow.app */ = {isa = PBXFileReference; explicitFileType = wrapper.application; includeInIndex = 0; path = Snow.app; sourceTree = BUILT_PRODUCTS_DIR; };
		738052BF1AC103D80001EA6E /* Info.plist */ = {isa = PBXFileReference; lastKnownFileType = text.plist.xml; path = Info.plist; sourceTree = "<group>"; };
		738052C01AC103D80001EA6E /* main.m */ = {isa = PBXFileReference; lastKnownFileType = sourcecode.c.objc; path = main.m; sourceTree = "<group>"; };
		738052C21AC103D80001EA6E /* AppDelegate.h */ = {isa = PBXFileReference; lastKnownFileType = sourcecode.c.h; path = AppDelegate.h; sourceTree = "<group>"; };
		738052C31AC103D80001EA6E /* AppDelegate.m */ = {isa = PBXFileReference; lastKnownFileType = sourcecode.c.objc; path = AppDelegate.m; sourceTree = "<group>"; };
		738052C51AC103D80001EA6E /* ViewController.h */ = {isa = PBXFileReference; lastKnownFileType = sourcecode.c.h; path = ViewController.h; sourceTree = "<group>"; };
		738052C61AC103D80001EA6E /* ViewController.m */ = {isa = PBXFileReference; lastKnownFileType = sourcecode.c.objc; path = ViewController.m; sourceTree = "<group>"; };
		738052C91AC103D80001EA6E /* Base */ = {isa = PBXFileReference; lastKnownFileType = file.storyboard; name = Base; path = Base.lproj/Main.storyboard; sourceTree = "<group>"; };
		738052CB1AC103D80001EA6E /* Images.xcassets */ = {isa = PBXFileReference; lastKnownFileType = folder.assetcatalog; path = Images.xcassets; sourceTree = "<group>"; };
		738052CE1AC103D80001EA6E /* Base */ = {isa = PBXFileReference; lastKnownFileType = file.xib; name = Base; path = Base.lproj/LaunchScreen.xib; sourceTree = "<group>"; };
		738052D41AC103D80001EA6E /* SnowTests.xctest */ = {isa = PBXFileReference; explicitFileType = wrapper.cfbundle; includeInIndex = 0; path = SnowTests.xctest; sourceTree = BUILT_PRODUCTS_DIR; };
		738052D91AC103D80001EA6E /* Info.plist */ = {isa = PBXFileReference; lastKnownFileType = text.plist.xml; path = Info.plist; sourceTree = "<group>"; };
		738052DA1AC103D80001EA6E /* SnowTests.m */ = {isa = PBXFileReference; lastKnownFileType = sourcecode.c.objc; path = SnowTests.m; sourceTree = "<group>"; };
/* End PBXFileReference section */

/* Begin PBXFrameworksBuildPhase section */
		738052B81AC103D70001EA6E /* Frameworks */ = {
			isa = PBXFrameworksBuildPhase;
			buildActionMask = 2147483647;
			files = (
			);
			runOnlyForDeploymentPostprocessing = 0;
		};
		738052D11AC103D80001EA6E /* Frameworks */ = {
			isa = PBXFrameworksBuildPhase;
			buildActionMask = 2147483647;
			files = (
			);
			runOnlyForDeploymentPostprocessing = 0;
		};
/* End PBXFrameworksBuildPhase section */

/* Begin PBXGroup section */
		738052B21AC103D70001EA6E = {
			isa = PBXGroup;
			children = (
				738052BD1AC103D80001EA6E /* Snow */,
				738052D71AC103D80001EA6E /* SnowTests */,
				738052BC1AC103D80001EA6E /* Products */,
			);
			sourceTree = "<group>";
		};
		738052BC1AC103D80001EA6E /* Products */ = {
			isa = PBXGroup;
			children = (
				738052BB1AC103D80001EA6E /* Snow.app */,
				738052D41AC103D80001EA6E /* SnowTests.xctest */,
			);
			name = Products;
			sourceTree = "<group>";
		};
		738052BD1AC103D80001EA6E /* Snow */ = {
			isa = PBXGroup;
			children = (
				738052C21AC103D80001EA6E /* AppDelegate.h */,
				738052C31AC103D80001EA6E /* AppDelegate.m */,
				738052C51AC103D80001EA6E /* ViewController.h */,
				738052C61AC103D80001EA6E /* ViewController.m */,
				738052C81AC103D80001EA6E /* Main.storyboard */,
				738052CB1AC103D80001EA6E /* Images.xcassets */,
				738052CD1AC103D80001EA6E /* LaunchScreen.xib */,
				738052BE1AC103D80001EA6E /* Supporting Files */,
			);
			path = Snow;
			sourceTree = "<group>";
		};
		738052BE1AC103D80001EA6E /* Supporting Files */ = {
			isa = PBXGroup;
			children = (
				738052BF1AC103D80001EA6E /* Info.plist */,
				738052C01AC103D80001EA6E /* main.m */,
			);
			name = "Supporting Files";
			sourceTree = "<group>";
		};
		738052D71AC103D80001EA6E /* SnowTests */ = {
			isa = PBXGroup;
			children = (
				738052DA1AC103D80001EA6E /* SnowTests.m */,
				738052D81AC103D80001EA6E /* Supporting Files */,
			);
			path = SnowTests;
			sourceTree = "<group>";
		};
		738052D81AC103D80001EA6E /* Supporting Files */ = {
			isa = PBXGroup;
			children = (
				738052D91AC103D80001EA6E /* Info.plist */,
			);
			name = "Supporting Files";
			sourceTree = "<group>";
		};
/* End PBXGroup section */

/* Begin PBXNativeTarget section */
		738052BA1AC103D70001EA6E /* Snow */ = {
			isa = PBXNativeTarget;
			buildConfigurationList = 738052DE1AC103D80001EA6E /* Build configuration list for PBXNativeTarget "Snow" */;
			buildPhases = (
				738052B71AC103D70001EA6E /* Sources */,
				738052B81AC103D70001EA6E /* Frameworks */,
				738052B91AC103D70001EA6E /* Resources */,
			);
			buildRules = (
			);
			dependencies = (
			);
			name = Snow;
			productName = Snow;
			productReference = 738052BB1AC103D80001EA6E /* Snow.app */;
			productType = "com.apple.product-type.application";
		};
		738052D31AC103D80001EA6E /* SnowTests */ = {
			isa = PBXNativeTarget;
			buildConfigurationList = 738052E11AC103D80001EA6E /* Build configuration list for PBXNativeTarget "SnowTests" */;
			buildPhases = (
				738052D01AC103D80001EA6E /* Sources */,
				738052D11AC103D80001EA6E /* Frameworks */,
				738052D21AC103D80001EA6E /* Resources */,
			);
			buildRules = (
			);
			dependencies = (
				738052D61AC103D80001EA6E /* PBXTargetDependency */,
			);
			name = SnowTests;
			productName = SnowTests;
			productReference = 738052D41AC103D80001EA6E /* SnowTests.xctest */;
			productType = "com.apple.product-type.bundle.unit-test";
		};
/* End PBXNativeTarget section */

/* Begin PBXProject section */
		738052B31AC103D70001EA6E /* Project object */ = {
			isa = PBXProject;
			attributes = {
				LastUpgradeCheck = 0620;
				ORGANIZATIONNAME = Box;
				TargetAttributes = {
					738052BA1AC103D70001EA6E = {
						CreatedOnToolsVersion = 6.2;
					};
					738052D31AC103D80001EA6E = {
						CreatedOnToolsVersion = 6.2;
						TestTargetID = 738052BA1AC103D70001EA6E;
					};
				};
			};
			buildConfigurationList = 738052B61AC103D70001EA6E /* Build configuration list for PBXProject "Snow" */;
			compatibilityVersion = "Xcode 3.2";
			developmentRegion = English;
			hasScannedForEncodings = 0;
			knownRegions = (
				en,
				Base,
			);
			mainGroup = 738052B21AC103D70001EA6E;
			productRefGroup = 738052BC1AC103D80001EA6E /* Products */;
			projectDirPath = "";
			projectRoot = "";
			targets = (
				738052BA1AC103D70001EA6E /* Snow */,
				738052D31AC103D80001EA6E /* SnowTests */,
			);
		};
/* End PBXProject section */

/* Begin PBXResourcesBuildPhase section */
		738052B91AC103D70001EA6E /* Resources */ = {
			isa = PBXResourcesBuildPhase;
			buildActionMask = 2147483647;
			files = (
				738052CA1AC103D80001EA6E /* Main.storyboard in Resources */,
				738052CF1AC103D80001EA6E /* LaunchScreen.xib in Resources */,
				738052CC1AC103D80001EA6E /* Images.xcassets in Resources */,
			);
			runOnlyForDeploymentPostprocessing = 0;
		};
		738052D21AC103D80001EA6E /* Resources */ = {
			isa = PBXResourcesBuildPhase;
			buildActionMask = 2147483647;
			files = (
			);
			runOnlyForDeploymentPostprocessing = 0;
		};
/* End PBXResourcesBuildPhase section */

/* Begin PBXSourcesBuildPhase section */
		738052B71AC103D70001EA6E /* Sources */ = {
			isa = PBXSourcesBuildPhase;
			buildActionMask = 2147483647;
			files = (
				738052C71AC103D80001EA6E /* ViewController.m in Sources */,
				738052C41AC103D80001EA6E /* AppDelegate.m in Sources */,
				738052C11AC103D80001EA6E /* main.m in Sources */,
			);
			runOnlyForDeploymentPostprocessing = 0;
		};
		738052D01AC103D80001EA6E /* Sources */ = {
			isa = PBXSourcesBuildPhase;
			buildActionMask = 2147483647;
			files = (
				738052DB1AC103D80001EA6E /* SnowTests.m in Sources */,
			);
			runOnlyForDeploymentPostprocessing = 0;
		};
/* End PBXSourcesBuildPhase section */

/* Begin PBXTargetDependency section */
		738052D61AC103D80001EA6E /* PBXTargetDependency */ = {
			isa = PBXTargetDependency;
			target = 738052BA1AC103D70001EA6E /* Snow */;
			targetProxy = 738052D51AC103D80001EA6E /* PBXContainerItemProxy */;
		};
/* End PBXTargetDependency section */

/* Begin PBXVariantGroup section */
		738052C81AC103D80001EA6E /* Main.storyboard */ = {
			isa = PBXVariantGroup;
			children = (
				738052C91AC103D80001EA6E /* Base */,
			);
			name = Main.storyboard;
			sourceTree = "<group>";
		};
		738052CD1AC103D80001EA6E /* LaunchScreen.xib */ = {
			isa = PBXVariantGroup;
			children = (
				738052CE1AC103D80001EA6E /* Base */,
			);
			name = LaunchScreen.xib;
			sourceTree = "<group>";
		};
/* End PBXVariantGroup section */

/* Begin XCBuildConfiguration section */
		738052DC1AC103D80001EA6E /* Debug */ = {
			isa = XCBuildConfiguration;
			buildSettings = {
				ALWAYS_SEARCH_USER_PATHS = NO;
				CLANG_CXX_LANGUAGE_STANDARD = "gnu++0x";
				CLANG_CXX_LIBRARY = "libc++";
				CLANG_ENABLE_MODULES = YES;
				CLANG_ENABLE_OBJC_ARC = YES;
				CLANG_WARN_BOOL_CONVERSION = YES;
				CLANG_WARN_CONSTANT_CONVERSION = YES;
				CLANG_WARN_DIRECT_OBJC_ISA_USAGE = YES_ERROR;
				CLANG_WARN_EMPTY_BODY = YES;
				CLANG_WARN_ENUM_CONVERSION = YES;
				CLANG_WARN_INT_CONVERSION = YES;
				CLANG_WARN_OBJC_ROOT_CLASS = YES_ERROR;
				CLANG_WARN_UNREACHABLE_CODE = YES;
				CLANG_WARN__DUPLICATE_METHOD_MATCH = YES;
				"CODE_SIGN_IDENTITY[sdk=iphoneos*]" = "iPhone Developer";
				COPY_PHASE_STRIP = NO;
				ENABLE_STRICT_OBJC_MSGSEND = YES;
				GCC_C_LANGUAGE_STANDARD = gnu99;
				GCC_DYNAMIC_NO_PIC = NO;
				GCC_OPTIMIZATION_LEVEL = 0;
				GCC_PREPROCESSOR_DEFINITIONS = (
					"DEBUG=1",
					"$(inherited)",
				);
				GCC_SYMBOLS_PRIVATE_EXTERN = NO;
				GCC_WARN_64_TO_32_BIT_CONVERSION = YES;
				GCC_WARN_ABOUT_RETURN_TYPE = YES_ERROR;
				GCC_WARN_UNDECLARED_SELECTOR = YES;
				GCC_WARN_UNINITIALIZED_AUTOS = YES_AGGRESSIVE;
				GCC_WARN_UNUSED_FUNCTION = YES;
				GCC_WARN_UNUSED_VARIABLE = YES;
				IPHONEOS_DEPLOYMENT_TARGET = 8.2;
				MTL_ENABLE_DEBUG_INFO = YES;
				ONLY_ACTIVE_ARCH = YES;
				SDKROOT = iphoneos;
			};
			name = Debug;
		};
		738052DD1AC103D80001EA6E /* Release */ = {
			isa = XCBuildConfiguration;
			buildSettings = {
				ALWAYS_SEARCH_USER_PATHS = NO;
				CLANG_CXX_LANGUAGE_STANDARD = "gnu++0x";
				CLANG_CXX_LIBRARY = "libc++";
				CLANG_ENABLE_MODULES = YES;
				CLANG_ENABLE_OBJC_ARC = YES;
				CLANG_WARN_BOOL_CONVERSION = YES;
				CLANG_WARN_CONSTANT_CONVERSION = YES;
				CLANG_WARN_DIRECT_OBJC_ISA_USAGE = YES_ERROR;
				CLANG_WARN_EMPTY_BODY = YES;
				CLANG_WARN_ENUM_CONVERSION = YES;
				CLANG_WARN_INT_CONVERSION = YES;
				CLANG_WARN_OBJC_ROOT_CLASS = YES_ERROR;
				CLANG_WARN_UNREACHABLE_CODE = YES;
				CLANG_WARN__DUPLICATE_METHOD_MATCH = YES;
				"CODE_SIGN_IDENTITY[sdk=iphoneos*]" = "iPhone Developer";
				COPY_PHASE_STRIP = NO;
				ENABLE_NS_ASSERTIONS = NO;
				ENABLE_STRICT_OBJC_MSGSEND = YES;
				GCC_C_LANGUAGE_STANDARD = gnu99;
				GCC_WARN_64_TO_32_BIT_CONVERSION = YES;
				GCC_WARN_ABOUT_RETURN_TYPE = YES_ERROR;
				GCC_WARN_UNDECLARED_SELECTOR = YES;
				GCC_WARN_UNINITIALIZED_AUTOS = YES_AGGRESSIVE;
				GCC_WARN_UNUSED_FUNCTION = YES;
				GCC_WARN_UNUSED_VARIABLE = YES;
				IPHONEOS_DEPLOYMENT_TARGET = 8.2;
				MTL_ENABLE_DEBUG_INFO = NO;
				SDKROOT = iphoneos;
				VALIDATE_PRODUCT = YES;
			};
			name = Release;
		};
		738052DF1AC103D80001EA6E /* Debug */ = {
			isa = XCBuildConfiguration;
			buildSettings = {
				ASSETCATALOG_COMPILER_APPICON_NAME = AppIcon;
				INFOPLIST_FILE = Snow/Info.plist;
				LD_RUNPATH_SEARCH_PATHS = "$(inherited) @executable_path/Frameworks";
				PRODUCT_NAME = "$(TARGET_NAME)";
			};
			name = Debug;
		};
		738052E01AC103D80001EA6E /* Release */ = {
			isa = XCBuildConfiguration;
			buildSettings = {
				ASSETCATALOG_COMPILER_APPICON_NAME = AppIcon;
				INFOPLIST_FILE = Snow/Info.plist;
				LD_RUNPATH_SEARCH_PATHS = "$(inherited) @executable_path/Frameworks";
				PRODUCT_NAME = "$(TARGET_NAME)";
			};
			name = Release;
		};
		738052E21AC103D80001EA6E /* Debug */ = {
			isa = XCBuildConfiguration;
			buildSettings = {
				BUNDLE_LOADER = "$(TEST_HOST)";
				FRAMEWORK_SEARCH_PATHS = (
					"$(SDKROOT)/Developer/Library/Frameworks",
					"$(inherited)",
				);
				GCC_PREPROCESSOR_DEFINITIONS = (
					"DEBUG=1",
					"$(inherited)",
				);
				INFOPLIST_FILE = SnowTests/Info.plist;
				LD_RUNPATH_SEARCH_PATHS = "$(inherited) @executable_path/Frameworks @loader_path/Frameworks";
				PRODUCT_NAME = "$(TARGET_NAME)";
				TEST_HOST = "$(BUILT_PRODUCTS_DIR)/Snow.app/Snow";
			};
			name = Debug;
		};
		738052E31AC103D80001EA6E /* Release */ = {
			isa = XCBuildConfiguration;
			buildSettings = {
				BUNDLE_LOADER = "$(TEST_HOST)";
				FRAMEWORK_SEARCH_PATHS = (
					"$(SDKROOT)/Developer/Library/Frameworks",
					"$(inherited)",
				);
				INFOPLIST_FILE = SnowTests/Info.plist;
				LD_RUNPATH_SEARCH_PATHS = "$(inherited) @executable_path/Frameworks @loader_path/Frameworks";
				PRODUCT_NAME = "$(TARGET_NAME)";
				TEST_HOST = "$(BUILT_PRODUCTS_DIR)/Snow.app/Snow";
			};
			name = Release;
		};
/* End XCBuildConfiguration section */

/* Begin XCConfigurationList section */
		738052B61AC103D70001EA6E /* Build configuration list for PBXProject "Snow" */ = {
			isa = XCConfigurationList;
			buildConfigurations = (
				738052DC1AC103D80001EA6E /* Debug */,
				738052DD1AC103D80001EA6E /* Release */,
			);
			defaultConfigurationIsVisible = 0;
			defaultConfigurationName = Release;
		};
		738052DE1AC103D80001EA6E /* Build configuration list for PBXNativeTarget "Snow" */ = {
			isa = XCConfigurationList;
			buildConfigurations = (
				738052DF1AC103D80001EA6E /* Debug */,
				738052E01AC103D80001EA6E /* Release */,
			);
			defaultConfigurationIsVisible = 0;
		};
		738052E11AC103D80001EA6E /* Build configuration list for PBXNativeTarget "SnowTests" */ = {
			isa = XCConfigurationList;
			buildConfigurations = (
				738052E21AC103D80001EA6E /* Debug */,
				738052E31AC103D80001EA6E /* Release */,
			);
			defaultConfigurationIsVisible = 0;
		};
/* End XCConfigurationList section */
	};
	rootObject = 738052B31AC103D70001EA6E /* Project object */;
}
